
Microsoft Visual Studio Solution File, Format Version 12.00
# Visual Studio Version 17
VisualStudioVersion = 17.5.33627.172
MinimumVisualStudioVersion = 10.0.40219.1
Project("{FAE04EC0-301F-11D3-BF4B-00C04F79EFBC}") = "AgroSimply", "AgroSimply\AgroSimply.csproj", "{CAC77171-412D-44C6-9700-6DEE37C6F67C}"
EndProject
Global
	GlobalSection(SolutionConfigurationPlatforms) = preSolution
		Debug|Any CPU = Debug|Any CPU
		Release|Any CPU = Release|Any CPU
	EndGlobalSection
	GlobalSection(ProjectConfigurationPlatforms) = postSolution
		{CAC77171-412D-44C6-9700-6DEE37C6F67C}.Debug|Any CPU.ActiveCfg = Debug|Any CPU
		{CAC77171-412D-44C6-9700-6DEE37C6F67C}.Debug|Any CPU.Build.0 = Debug|Any CPU
		{CAC77171-412D-44C6-9700-6DEE37C6F67C}.Release|Any CPU.ActiveCfg = Release|Any CPU
		{CAC77171-412D-44C6-9700-6DEE37C6F67C}.Release|Any CPU.Build.0 = Release|Any CPU
	EndGlobalSection
	GlobalSection(SolutionProperties) = preSolution
		HideSolutionNode = FALSE
	EndGlobalSection
	GlobalSection(ExtensibilityGlobals) = postSolution
		SolutionGuid = {B7F5C4E0-B909-4A8A-90D8-B11405383878}
	EndGlobalSection
EndGlobal
